
Microsoft Visual Studio Solution File, Format Version 12.00
# Visual Studio Version 17
VisualStudioVersion = 17.13.35818.85 d17.13
MinimumVisualStudioVersion = 10.0.40219.1
Project("{FAE04EC0-301F-11D3-BF4B-00C04F79EFBC}") = "JogoDosDados.ConsoleApp", "JogoDosDados.ConsoleApp\JogoDosDados.ConsoleApp.csproj", "{59FB2959-87C1-4F63-9DAC-2A63D015D139}"
EndProject
Global
	GlobalSection(SolutionConfigurationPlatforms) = preSolution
		Debug|Any CPU = Debug|Any CPU
		Release|Any CPU = Release|Any CPU
	EndGlobalSection
	GlobalSection(ProjectConfigurationPlatforms) = postSolution
		{59FB2959-87C1-4F63-9DAC-2A63D015D139}.Debug|Any CPU.ActiveCfg = Debug|Any CPU
		{59FB2959-87C1-4F63-9DAC-2A63D015D139}.Debug|Any CPU.Build.0 = Debug|Any CPU
		{59FB2959-87C1-4F63-9DAC-2A63D015D139}.Release|Any CPU.ActiveCfg = Release|Any CPU
		{59FB2959-87C1-4F63-9DAC-2A63D015D139}.Release|Any CPU.Build.0 = Release|Any CPU
	EndGlobalSection
	GlobalSection(SolutionProperties) = preSolution
		HideSolutionNode = FALSE
	EndGlobalSection
	GlobalSection(ExtensibilityGlobals) = postSolution
		SolutionGuid = {BE41DBE1-162F-4D8F-9AAF-92C77C14266C}
	EndGlobalSection
EndGlobal
